{
  "object": {
    "pins": [
      {
        "package": "LaunchAtLogin",
        "repositoryURL": "https://github.com/sindresorhus/LaunchAtLogin",
        "state": {
          "branch": "main",
          "revision": "e8171b3e38a2816f579f58f3dac1522aa39efe41",
          "version": null
        }
      },
      {
        "package": "swift-nio",
        "repositoryURL": "https://github.com/apple/swift-nio.git",
        "state": {
          "branch": null,
          "revision": "154f1d32366449dcccf6375a173adf4ed2a74429",
          "version": "2.38.0"
        }
      },
      {
        "package": "SwiftcordIPC",
        "repositoryURL": "https://github.com/cbyrneee/SwiftcordIPC.git",
        "state": {
          "branch": "main",
          "revision": "b40fcbc92441812e4e1f727c7c52e9f2ccde0887",
          "version": null
        }
      },
      {
        "package": "CachedAsyncImage",
        "repositoryURL": "git@github.com:lorenzofiamingo/SwiftUI-CachedAsyncImage.git",
        "state": {
          "branch": null,
          "revision": "22e0873d0b0ac9a7b932839cdb9fabd018185cda",
          "version": "1.10.1"
        }
      }
    ]
  },
  "version": 1
}
